
Microsoft Visual Studio Solution File, Format Version 12.00
# Visual Studio Version 17
VisualStudioVersion = 17.5.33530.505
MinimumVisualStudioVersion = 10.0.40219.1
Project("{FAE04EC0-301F-11D3-BF4B-00C04F79EFBC}") = "learning", "WebApplication3\learning.csproj", "{9AA7BB83-9FCE-402C-9BE2-FF575449262D}"
EndProject
Global
	GlobalSection(SolutionConfigurationPlatforms) = preSolution
		Debug|Any CPU = Debug|Any CPU
		Release|Any CPU = Release|Any CPU
	EndGlobalSection
	GlobalSection(ProjectConfigurationPlatforms) = postSolution
		{9AA7BB83-9FCE-402C-9BE2-FF575449262D}.Debug|Any CPU.ActiveCfg = Debug|Any CPU
		{9AA7BB83-9FCE-402C-9BE2-FF575449262D}.Debug|Any CPU.Build.0 = Debug|Any CPU
		{9AA7BB83-9FCE-402C-9BE2-FF575449262D}.Release|Any CPU.ActiveCfg = Release|Any CPU
		{9AA7BB83-9FCE-402C-9BE2-FF575449262D}.Release|Any CPU.Build.0 = Release|Any CPU
	EndGlobalSection
	GlobalSection(SolutionProperties) = preSolution
		HideSolutionNode = FALSE
	EndGlobalSection
	GlobalSection(ExtensibilityGlobals) = postSolution
		SolutionGuid = {6FFFF1D6-8BFE-4426-9FCC-6DA9734D95A3}
	EndGlobalSection
EndGlobal
